// !$*UTF8*$!
{
	archiveVersion = 1;
	classes = {
	};
	objectVersion = 50;
	objects = {

/* Begin PBXBuildFile section */
		6B1ED3D08EEC3625BE70A6A5 /* libPods-SpeechHandlerApp.a in Frameworks */ = {isa = PBXBuildFile; fileRef = 66ACDB8002B91D36EF167643 /* libPods-SpeechHandlerApp.a */; };
		79B12E5D2467DD6600BA3B7B /* AppDelegate.swift in Sources */ = {isa = PBXBuildFile; fileRef = 79B12E5C2467DD6600BA3B7B /* AppDelegate.swift */; };
		79B12E662467DD6700BA3B7B /* Assets.xcassets in Resources */ = {isa = PBXBuildFile; fileRef = 79B12E652467DD6700BA3B7B /* Assets.xcassets */; };
		79B12E692467DD6700BA3B7B /* LaunchScreen.storyboard in Resources */ = {isa = PBXBuildFile; fileRef = 79B12E672467DD6700BA3B7B /* LaunchScreen.storyboard */; };
		79B12E7C2467F15A00BA3B7B /* AppAssembly.swift in Sources */ = {isa = PBXBuildFile; fileRef = 79B12E7B2467F15A00BA3B7B /* AppAssembly.swift */; };
		79B12E7E2467F19600BA3B7B /* Coordinator.swift in Sources */ = {isa = PBXBuildFile; fileRef = 79B12E7D2467F19600BA3B7B /* Coordinator.swift */; };
		79B12E802467F1E200BA3B7B /* ApplicationCoordinator.swift in Sources */ = {isa = PBXBuildFile; fileRef = 79B12E7F2467F1E200BA3B7B /* ApplicationCoordinator.swift */; };
		79B12E822467F35600BA3B7B /* ScenesAssembly.swift in Sources */ = {isa = PBXBuildFile; fileRef = 79B12E812467F35600BA3B7B /* ScenesAssembly.swift */; };
		79B12E842467F38700BA3B7B /* ServicesAssembly.swift in Sources */ = {isa = PBXBuildFile; fileRef = 79B12E832467F38700BA3B7B /* ServicesAssembly.swift */; };
		79B12E862467F3AF00BA3B7B /* CoordinatorsAssembly.swift in Sources */ = {isa = PBXBuildFile; fileRef = 79B12E852467F3AF00BA3B7B /* CoordinatorsAssembly.swift */; };
		79B12E922467FDF700BA3B7B /* GoogleService-Info.plist in Resources */ = {isa = PBXBuildFile; fileRef = 79B12E912467FDF700BA3B7B /* GoogleService-Info.plist */; };
		79B12E9424680D2500BA3B7B /* Login.storyboard in Resources */ = {isa = PBXBuildFile; fileRef = 79B12E9324680D2500BA3B7B /* Login.storyboard */; };
		79B12E992468148100BA3B7B /* LoginViewController.swift in Sources */ = {isa = PBXBuildFile; fileRef = 79B12E982468148100BA3B7B /* LoginViewController.swift */; };
		79B12E9B2468149800BA3B7B /* SignUpViewController.swift in Sources */ = {isa = PBXBuildFile; fileRef = 79B12E9A2468149800BA3B7B /* SignUpViewController.swift */; };
		79B12E9D246814B300BA3B7B /* SignInViewController.swift in Sources */ = {isa = PBXBuildFile; fileRef = 79B12E9C246814B300BA3B7B /* SignInViewController.swift */; };
		79B12E9F2468154E00BA3B7B /* ScenesLoginFlowAssembly.swift in Sources */ = {isa = PBXBuildFile; fileRef = 79B12E9E2468154E00BA3B7B /* ScenesLoginFlowAssembly.swift */; };
		79B12EA22468165600BA3B7B /* UIStoryboard+ViewController.swift in Sources */ = {isa = PBXBuildFile; fileRef = 79B12EA12468165600BA3B7B /* UIStoryboard+ViewController.swift */; };
		79B12EA42468194300BA3B7B /* LoginCoordinator.swift in Sources */ = {isa = PBXBuildFile; fileRef = 79B12EA32468194300BA3B7B /* LoginCoordinator.swift */; };
/* End PBXBuildFile section */

/* Begin PBXFileReference section */
		150D680BEF98CB57CB4662E5 /* Pods-SpeechHandlerApp.debug.xcconfig */ = {isa = PBXFileReference; includeInIndex = 1; lastKnownFileType = text.xcconfig; name = "Pods-SpeechHandlerApp.debug.xcconfig"; path = "Target Support Files/Pods-SpeechHandlerApp/Pods-SpeechHandlerApp.debug.xcconfig"; sourceTree = "<group>"; };
		66ACDB8002B91D36EF167643 /* libPods-SpeechHandlerApp.a */ = {isa = PBXFileReference; explicitFileType = archive.ar; includeInIndex = 0; path = "libPods-SpeechHandlerApp.a"; sourceTree = BUILT_PRODUCTS_DIR; };
		79B12E592467DD6600BA3B7B /* SpeechHandlerApp.app */ = {isa = PBXFileReference; explicitFileType = wrapper.application; includeInIndex = 0; path = SpeechHandlerApp.app; sourceTree = BUILT_PRODUCTS_DIR; };
		79B12E5C2467DD6600BA3B7B /* AppDelegate.swift */ = {isa = PBXFileReference; lastKnownFileType = sourcecode.swift; path = AppDelegate.swift; sourceTree = "<group>"; };
		79B12E652467DD6700BA3B7B /* Assets.xcassets */ = {isa = PBXFileReference; lastKnownFileType = folder.assetcatalog; path = Assets.xcassets; sourceTree = "<group>"; };
		79B12E682467DD6700BA3B7B /* Base */ = {isa = PBXFileReference; lastKnownFileType = file.storyboard; name = Base; path = Base.lproj/LaunchScreen.storyboard; sourceTree = "<group>"; };
		79B12E6A2467DD6700BA3B7B /* Info.plist */ = {isa = PBXFileReference; lastKnownFileType = text.plist.xml; path = Info.plist; sourceTree = "<group>"; };
		79B12E7B2467F15A00BA3B7B /* AppAssembly.swift */ = {isa = PBXFileReference; lastKnownFileType = sourcecode.swift; path = AppAssembly.swift; sourceTree = "<group>"; };
		79B12E7D2467F19600BA3B7B /* Coordinator.swift */ = {isa = PBXFileReference; lastKnownFileType = sourcecode.swift; path = Coordinator.swift; sourceTree = "<group>"; };
		79B12E7F2467F1E200BA3B7B /* ApplicationCoordinator.swift */ = {isa = PBXFileReference; lastKnownFileType = sourcecode.swift; path = ApplicationCoordinator.swift; sourceTree = "<group>"; };
		79B12E812467F35600BA3B7B /* ScenesAssembly.swift */ = {isa = PBXFileReference; lastKnownFileType = sourcecode.swift; path = ScenesAssembly.swift; sourceTree = "<group>"; };
		79B12E832467F38700BA3B7B /* ServicesAssembly.swift */ = {isa = PBXFileReference; lastKnownFileType = sourcecode.swift; path = ServicesAssembly.swift; sourceTree = "<group>"; };
		79B12E852467F3AF00BA3B7B /* CoordinatorsAssembly.swift */ = {isa = PBXFileReference; lastKnownFileType = sourcecode.swift; path = CoordinatorsAssembly.swift; sourceTree = "<group>"; };
		79B12E912467FDF700BA3B7B /* GoogleService-Info.plist */ = {isa = PBXFileReference; fileEncoding = 4; lastKnownFileType = text.plist.xml; path = "GoogleService-Info.plist"; sourceTree = "<group>"; };
		79B12E9324680D2500BA3B7B /* Login.storyboard */ = {isa = PBXFileReference; lastKnownFileType = file.storyboard; path = Login.storyboard; sourceTree = "<group>"; };
		79B12E982468148100BA3B7B /* LoginViewController.swift */ = {isa = PBXFileReference; lastKnownFileType = sourcecode.swift; path = LoginViewController.swift; sourceTree = "<group>"; };
		79B12E9A2468149800BA3B7B /* SignUpViewController.swift */ = {isa = PBXFileReference; lastKnownFileType = sourcecode.swift; path = SignUpViewController.swift; sourceTree = "<group>"; };
		79B12E9C246814B300BA3B7B /* SignInViewController.swift */ = {isa = PBXFileReference; lastKnownFileType = sourcecode.swift; path = SignInViewController.swift; sourceTree = "<group>"; };
		79B12E9E2468154E00BA3B7B /* ScenesLoginFlowAssembly.swift */ = {isa = PBXFileReference; lastKnownFileType = sourcecode.swift; path = ScenesLoginFlowAssembly.swift; sourceTree = "<group>"; };
		79B12EA12468165600BA3B7B /* UIStoryboard+ViewController.swift */ = {isa = PBXFileReference; lastKnownFileType = sourcecode.swift; path = "UIStoryboard+ViewController.swift"; sourceTree = "<group>"; };
		79B12EA32468194300BA3B7B /* LoginCoordinator.swift */ = {isa = PBXFileReference; lastKnownFileType = sourcecode.swift; path = LoginCoordinator.swift; sourceTree = "<group>"; };
		7B2D7AD6251AAF796CBB2A53 /* Pods-SpeechHandlerApp.release.xcconfig */ = {isa = PBXFileReference; includeInIndex = 1; lastKnownFileType = text.xcconfig; name = "Pods-SpeechHandlerApp.release.xcconfig"; path = "Target Support Files/Pods-SpeechHandlerApp/Pods-SpeechHandlerApp.release.xcconfig"; sourceTree = "<group>"; };
/* End PBXFileReference section */

/* Begin PBXFrameworksBuildPhase section */
		79B12E562467DD6500BA3B7B /* Frameworks */ = {
			isa = PBXFrameworksBuildPhase;
			buildActionMask = 2147483647;
			files = (
				6B1ED3D08EEC3625BE70A6A5 /* libPods-SpeechHandlerApp.a in Frameworks */,
			);
			runOnlyForDeploymentPostprocessing = 0;
		};
/* End PBXFrameworksBuildPhase section */

/* Begin PBXGroup section */
		79B12E502467DD6500BA3B7B = {
			isa = PBXGroup;
			children = (
				79B12E5B2467DD6600BA3B7B /* SpeechHandlerApp */,
				79B12E5A2467DD6600BA3B7B /* Products */,
				A91F061BE307BB517BF08EE7 /* Pods */,
				E6EBB1A733755D0911580319 /* Frameworks */,
			);
			sourceTree = "<group>";
		};
		79B12E5A2467DD6600BA3B7B /* Products */ = {
			isa = PBXGroup;
			children = (
				79B12E592467DD6600BA3B7B /* SpeechHandlerApp.app */,
			);
			name = Products;
			sourceTree = "<group>";
		};
		79B12E5B2467DD6600BA3B7B /* SpeechHandlerApp */ = {
			isa = PBXGroup;
			children = (
				79B12E722467E5E500BA3B7B /* Source */,
				79B12E732467E5F500BA3B7B /* Resources */,
			);
			path = SpeechHandlerApp;
			sourceTree = "<group>";
		};
		79B12E702467E4DE00BA3B7B /* Assemblies */ = {
			isa = PBXGroup;
			children = (
				79B12E7B2467F15A00BA3B7B /* AppAssembly.swift */,
				79B12E812467F35600BA3B7B /* ScenesAssembly.swift */,
				79B12E832467F38700BA3B7B /* ServicesAssembly.swift */,
				79B12E852467F3AF00BA3B7B /* CoordinatorsAssembly.swift */,
			);
			path = Assemblies;
			sourceTree = "<group>";
		};
		79B12E712467E4F800BA3B7B /* AppDelegate */ = {
			isa = PBXGroup;
			children = (
				79B12E5C2467DD6600BA3B7B /* AppDelegate.swift */,
			);
			path = AppDelegate;
			sourceTree = "<group>";
		};
		79B12E722467E5E500BA3B7B /* Source */ = {
			isa = PBXGroup;
			children = (
				79B12E702467E4DE00BA3B7B /* Assemblies */,
				79B12E792467F06400BA3B7B /* Coordinators */,
				79B12E782467F01800BA3B7B /* Managers */,
				79B12E7A2467F09200BA3B7B /* Flows */,
				79B12EA02468163600BA3B7B /* Extensions */,
				79B12E712467E4F800BA3B7B /* AppDelegate */,
			);
			path = Source;
			sourceTree = "<group>";
		};
		79B12E732467E5F500BA3B7B /* Resources */ = {
			isa = PBXGroup;
			children = (
				79B12E762467E64800BA3B7B /* LaunchScreen */,
				79B12E752467E62500BA3B7B /* Images */,
				79B12E742467E60800BA3B7B /* Plists */,
			);
			path = Resources;
			sourceTree = "<group>";
		};
		79B12E742467E60800BA3B7B /* Plists */ = {
			isa = PBXGroup;
			children = (
				79B12E912467FDF700BA3B7B /* GoogleService-Info.plist */,
				79B12E6A2467DD6700BA3B7B /* Info.plist */,
			);
			path = Plists;
			sourceTree = "<group>";
		};
		79B12E752467E62500BA3B7B /* Images */ = {
			isa = PBXGroup;
			children = (
				79B12E652467DD6700BA3B7B /* Assets.xcassets */,
			);
			path = Images;
			sourceTree = "<group>";
		};
		79B12E762467E64800BA3B7B /* LaunchScreen */ = {
			isa = PBXGroup;
			children = (
				79B12E672467DD6700BA3B7B /* LaunchScreen.storyboard */,
			);
			path = LaunchScreen;
			sourceTree = "<group>";
		};
		79B12E782467F01800BA3B7B /* Managers */ = {
			isa = PBXGroup;
			children = (
			);
			path = Managers;
			sourceTree = "<group>";
		};
		79B12E792467F06400BA3B7B /* Coordinators */ = {
			isa = PBXGroup;
			children = (
				79B12E7D2467F19600BA3B7B /* Coordinator.swift */,
				79B12E7F2467F1E200BA3B7B /* ApplicationCoordinator.swift */,
			);
			path = Coordinators;
			sourceTree = "<group>";
		};
		79B12E7A2467F09200BA3B7B /* Flows */ = {
			isa = PBXGroup;
			children = (
				79B12E882467FA5200BA3B7B /* LoginFlow */,
				79B12E872467FA4000BA3B7B /* MainFlow */,
			);
			path = Flows;
			sourceTree = "<group>";
		};
		79B12E872467FA4000BA3B7B /* MainFlow */ = {
			isa = PBXGroup;
			children = (
				79B12E902467FB5600BA3B7B /* Assemblies */,
				79B12E8E2467FB3800BA3B7B /* Coordinators */,
				79B12E8B2467FAFF00BA3B7B /* Storyboard */,
				79B12E8A2467FAD200BA3B7B /* Controllers */,
			);
			path = MainFlow;
			sourceTree = "<group>";
		};
		79B12E882467FA5200BA3B7B /* LoginFlow */ = {
			isa = PBXGroup;
			children = (
				79B12E8F2467FB5100BA3B7B /* Assemblies */,
				79B12E8D2467FB3300BA3B7B /* Coordinators */,
				79B12E8C2467FB0500BA3B7B /* Storyboard */,
				79B12E892467FAC000BA3B7B /* Controllers */,
			);
			path = LoginFlow;
			sourceTree = "<group>";
		};
		79B12E892467FAC000BA3B7B /* Controllers */ = {
			isa = PBXGroup;
			children = (
				79B12E952468138F00BA3B7B /* LoginViewController */,
				79B12E97246813B700BA3B7B /* SignUpViewController */,
				79B12E96246813A400BA3B7B /* SignInViewController */,
			);
			path = Controllers;
			sourceTree = "<group>";
		};
		79B12E8A2467FAD200BA3B7B /* Controllers */ = {
			isa = PBXGroup;
			children = (
			);
			path = Controllers;
			sourceTree = "<group>";
		};
		79B12E8B2467FAFF00BA3B7B /* Storyboard */ = {
			isa = PBXGroup;
			children = (
			);
			path = Storyboard;
			sourceTree = "<group>";
		};
		79B12E8C2467FB0500BA3B7B /* Storyboard */ = {
			isa = PBXGroup;
			children = (
				79B12E9324680D2500BA3B7B /* Login.storyboard */,
			);
			path = Storyboard;
			sourceTree = "<group>";
		};
		79B12E8D2467FB3300BA3B7B /* Coordinators */ = {
			isa = PBXGroup;
			children = (
				79B12EA32468194300BA3B7B /* LoginCoordinator.swift */,
			);
			path = Coordinators;
			sourceTree = "<group>";
		};
		79B12E8E2467FB3800BA3B7B /* Coordinators */ = {
			isa = PBXGroup;
			children = (
			);
			path = Coordinators;
			sourceTree = "<group>";
		};
		79B12E8F2467FB5100BA3B7B /* Assemblies */ = {
			isa = PBXGroup;
			children = (
				79B12E9E2468154E00BA3B7B /* ScenesLoginFlowAssembly.swift */,
			);
			path = Assemblies;
			sourceTree = "<group>";
		};
		79B12E902467FB5600BA3B7B /* Assemblies */ = {
			isa = PBXGroup;
			children = (
			);
			path = Assemblies;
			sourceTree = "<group>";
		};
		79B12E952468138F00BA3B7B /* LoginViewController */ = {
			isa = PBXGroup;
			children = (
				79B12E982468148100BA3B7B /* LoginViewController.swift */,
			);
			path = LoginViewController;
			sourceTree = "<group>";
		};
		79B12E96246813A400BA3B7B /* SignInViewController */ = {
			isa = PBXGroup;
			children = (
				79B12E9C246814B300BA3B7B /* SignInViewController.swift */,
			);
			path = SignInViewController;
			sourceTree = "<group>";
		};
		79B12E97246813B700BA3B7B /* SignUpViewController */ = {
			isa = PBXGroup;
			children = (
				79B12E9A2468149800BA3B7B /* SignUpViewController.swift */,
			);
			path = SignUpViewController;
			sourceTree = "<group>";
		};
		79B12EA02468163600BA3B7B /* Extensions */ = {
			isa = PBXGroup;
			children = (
				79B12EA12468165600BA3B7B /* UIStoryboard+ViewController.swift */,
			);
			path = Extensions;
			sourceTree = "<group>";
		};
		A91F061BE307BB517BF08EE7 /* Pods */ = {
			isa = PBXGroup;
			children = (
				150D680BEF98CB57CB4662E5 /* Pods-SpeechHandlerApp.debug.xcconfig */,
				7B2D7AD6251AAF796CBB2A53 /* Pods-SpeechHandlerApp.release.xcconfig */,
			);
			path = Pods;
			sourceTree = "<group>";
		};
		E6EBB1A733755D0911580319 /* Frameworks */ = {
			isa = PBXGroup;
			children = (
				66ACDB8002B91D36EF167643 /* libPods-SpeechHandlerApp.a */,
			);
			name = Frameworks;
			sourceTree = "<group>";
		};
/* End PBXGroup section */

/* Begin PBXNativeTarget section */
		79B12E582467DD6500BA3B7B /* SpeechHandlerApp */ = {
			isa = PBXNativeTarget;
			buildConfigurationList = 79B12E6D2467DD6700BA3B7B /* Build configuration list for PBXNativeTarget "SpeechHandlerApp" */;
			buildPhases = (
				3CA46F259B14AA65CAF27379 /* [CP] Check Pods Manifest.lock */,
				79B12E552467DD6500BA3B7B /* Sources */,
				79B12E562467DD6500BA3B7B /* Frameworks */,
				79B12E572467DD6500BA3B7B /* Resources */,
			);
			buildRules = (
			);
			dependencies = (
			);
			name = SpeechHandlerApp;
			productName = SpeechHandlerApp;
			productReference = 79B12E592467DD6600BA3B7B /* SpeechHandlerApp.app */;
			productType = "com.apple.product-type.application";
		};
/* End PBXNativeTarget section */

/* Begin PBXProject section */
		79B12E512467DD6500BA3B7B /* Project object */ = {
			isa = PBXProject;
			attributes = {
				LastSwiftUpdateCheck = 1130;
				LastUpgradeCheck = 1130;
				ORGANIZATIONNAME = "Vlada Radchenko";
				TargetAttributes = {
					79B12E582467DD6500BA3B7B = {
						CreatedOnToolsVersion = 11.3.1;
					};
				};
			};
			buildConfigurationList = 79B12E542467DD6500BA3B7B /* Build configuration list for PBXProject "SpeechHandlerApp" */;
			compatibilityVersion = "Xcode 9.3";
			developmentRegion = en;
			hasScannedForEncodings = 0;
			knownRegions = (
				en,
				Base,
			);
			mainGroup = 79B12E502467DD6500BA3B7B;
			productRefGroup = 79B12E5A2467DD6600BA3B7B /* Products */;
			projectDirPath = "";
			projectRoot = "";
			targets = (
				79B12E582467DD6500BA3B7B /* SpeechHandlerApp */,
			);
		};
/* End PBXProject section */

/* Begin PBXResourcesBuildPhase section */
		79B12E572467DD6500BA3B7B /* Resources */ = {
			isa = PBXResourcesBuildPhase;
			buildActionMask = 2147483647;
			files = (
				79B12E692467DD6700BA3B7B /* LaunchScreen.storyboard in Resources */,
				79B12E662467DD6700BA3B7B /* Assets.xcassets in Resources */,
				79B12E9424680D2500BA3B7B /* Login.storyboard in Resources */,
				79B12E922467FDF700BA3B7B /* GoogleService-Info.plist in Resources */,
			);
			runOnlyForDeploymentPostprocessing = 0;
		};
/* End PBXResourcesBuildPhase section */

/* Begin PBXShellScriptBuildPhase section */
		3CA46F259B14AA65CAF27379 /* [CP] Check Pods Manifest.lock */ = {
			isa = PBXShellScriptBuildPhase;
			buildActionMask = 2147483647;
			files = (
			);
			inputFileListPaths = (
			);
			inputPaths = (
				"${PODS_PODFILE_DIR_PATH}/Podfile.lock",
				"${PODS_ROOT}/Manifest.lock",
			);
			name = "[CP] Check Pods Manifest.lock";
			outputFileListPaths = (
			);
			outputPaths = (
				"$(DERIVED_FILE_DIR)/Pods-SpeechHandlerApp-checkManifestLockResult.txt",
			);
			runOnlyForDeploymentPostprocessing = 0;
			shellPath = /bin/sh;
			shellScript = "diff \"${PODS_PODFILE_DIR_PATH}/Podfile.lock\" \"${PODS_ROOT}/Manifest.lock\" > /dev/null\nif [ $? != 0 ] ; then\n    # print error to STDERR\n    echo \"error: The sandbox is not in sync with the Podfile.lock. Run 'pod install' or update your CocoaPods installation.\" >&2\n    exit 1\nfi\n# This output is used by Xcode 'outputs' to avoid re-running this script phase.\necho \"SUCCESS\" > \"${SCRIPT_OUTPUT_FILE_0}\"\n";
			showEnvVarsInLog = 0;
		};
/* End PBXShellScriptBuildPhase section */

/* Begin PBXSourcesBuildPhase section */
		79B12E552467DD6500BA3B7B /* Sources */ = {
			isa = PBXSourcesBuildPhase;
			buildActionMask = 2147483647;
			files = (
				79B12E5D2467DD6600BA3B7B /* AppDelegate.swift in Sources */,
				79B12E842467F38700BA3B7B /* ServicesAssembly.swift in Sources */,
				79B12E9F2468154E00BA3B7B /* ScenesLoginFlowAssembly.swift in Sources */,
				79B12E822467F35600BA3B7B /* ScenesAssembly.swift in Sources */,
				79B12EA42468194300BA3B7B /* LoginCoordinator.swift in Sources */,
				79B12E7C2467F15A00BA3B7B /* AppAssembly.swift in Sources */,
				79B12E992468148100BA3B7B /* LoginViewController.swift in Sources */,
				79B12E7E2467F19600BA3B7B /* Coordinator.swift in Sources */,
				79B12E9B2468149800BA3B7B /* SignUpViewController.swift in Sources */,
				79B12E862467F3AF00BA3B7B /* CoordinatorsAssembly.swift in Sources */,
				79B12E9D246814B300BA3B7B /* SignInViewController.swift in Sources */,
				79B12E802467F1E200BA3B7B /* ApplicationCoordinator.swift in Sources */,
				79B12EA22468165600BA3B7B /* UIStoryboard+ViewController.swift in Sources */,
			);
			runOnlyForDeploymentPostprocessing = 0;
		};
/* End PBXSourcesBuildPhase section */

/* Begin PBXVariantGroup section */
		79B12E672467DD6700BA3B7B /* LaunchScreen.storyboard */ = {
			isa = PBXVariantGroup;
			children = (
				79B12E682467DD6700BA3B7B /* Base */,
			);
			name = LaunchScreen.storyboard;
			sourceTree = "<group>";
		};
/* End PBXVariantGroup section */

/* Begin XCBuildConfiguration section */
		79B12E6B2467DD6700BA3B7B /* Debug */ = {
			isa = XCBuildConfiguration;
			buildSettings = {
				ALWAYS_SEARCH_USER_PATHS = NO;
				CLANG_ANALYZER_NONNULL = YES;
				CLANG_ANALYZER_NUMBER_OBJECT_CONVERSION = YES_AGGRESSIVE;
				CLANG_CXX_LANGUAGE_STANDARD = "gnu++14";
				CLANG_CXX_LIBRARY = "libc++";
				CLANG_ENABLE_MODULES = YES;
				CLANG_ENABLE_OBJC_ARC = YES;
				CLANG_ENABLE_OBJC_WEAK = YES;
				CLANG_WARN_BLOCK_CAPTURE_AUTORELEASING = YES;
				CLANG_WARN_BOOL_CONVERSION = YES;
				CLANG_WARN_COMMA = YES;
				CLANG_WARN_CONSTANT_CONVERSION = YES;
				CLANG_WARN_DEPRECATED_OBJC_IMPLEMENTATIONS = YES;
				CLANG_WARN_DIRECT_OBJC_ISA_USAGE = YES_ERROR;
				CLANG_WARN_DOCUMENTATION_COMMENTS = YES;
				CLANG_WARN_EMPTY_BODY = YES;
				CLANG_WARN_ENUM_CONVERSION = YES;
				CLANG_WARN_INFINITE_RECURSION = YES;
				CLANG_WARN_INT_CONVERSION = YES;
				CLANG_WARN_NON_LITERAL_NULL_CONVERSION = YES;
				CLANG_WARN_OBJC_IMPLICIT_RETAIN_SELF = YES;
				CLANG_WARN_OBJC_LITERAL_CONVERSION = YES;
				CLANG_WARN_OBJC_ROOT_CLASS = YES_ERROR;
				CLANG_WARN_RANGE_LOOP_ANALYSIS = YES;
				CLANG_WARN_STRICT_PROTOTYPES = YES;
				CLANG_WARN_SUSPICIOUS_MOVE = YES;
				CLANG_WARN_UNGUARDED_AVAILABILITY = YES_AGGRESSIVE;
				CLANG_WARN_UNREACHABLE_CODE = YES;
				CLANG_WARN__DUPLICATE_METHOD_MATCH = YES;
				COPY_PHASE_STRIP = NO;
				DEBUG_INFORMATION_FORMAT = dwarf;
				ENABLE_STRICT_OBJC_MSGSEND = YES;
				ENABLE_TESTABILITY = YES;
				GCC_C_LANGUAGE_STANDARD = gnu11;
				GCC_DYNAMIC_NO_PIC = NO;
				GCC_NO_COMMON_BLOCKS = YES;
				GCC_OPTIMIZATION_LEVEL = 0;
				GCC_PREPROCESSOR_DEFINITIONS = (
					"DEBUG=1",
					"$(inherited)",
				);
				GCC_WARN_64_TO_32_BIT_CONVERSION = YES;
				GCC_WARN_ABOUT_RETURN_TYPE = YES_ERROR;
				GCC_WARN_UNDECLARED_SELECTOR = YES;
				GCC_WARN_UNINITIALIZED_AUTOS = YES_AGGRESSIVE;
				GCC_WARN_UNUSED_FUNCTION = YES;
				GCC_WARN_UNUSED_VARIABLE = YES;
				IPHONEOS_DEPLOYMENT_TARGET = 13.2;
				MTL_ENABLE_DEBUG_INFO = INCLUDE_SOURCE;
				MTL_FAST_MATH = YES;
				ONLY_ACTIVE_ARCH = YES;
				SDKROOT = iphoneos;
				SWIFT_ACTIVE_COMPILATION_CONDITIONS = DEBUG;
				SWIFT_OPTIMIZATION_LEVEL = "-Onone";
			};
			name = Debug;
		};
		79B12E6C2467DD6700BA3B7B /* Release */ = {
			isa = XCBuildConfiguration;
			buildSettings = {
				ALWAYS_SEARCH_USER_PATHS = NO;
				CLANG_ANALYZER_NONNULL = YES;
				CLANG_ANALYZER_NUMBER_OBJECT_CONVERSION = YES_AGGRESSIVE;
				CLANG_CXX_LANGUAGE_STANDARD = "gnu++14";
				CLANG_CXX_LIBRARY = "libc++";
				CLANG_ENABLE_MODULES = YES;
				CLANG_ENABLE_OBJC_ARC = YES;
				CLANG_ENABLE_OBJC_WEAK = YES;
				CLANG_WARN_BLOCK_CAPTURE_AUTORELEASING = YES;
				CLANG_WARN_BOOL_CONVERSION = YES;
				CLANG_WARN_COMMA = YES;
				CLANG_WARN_CONSTANT_CONVERSION = YES;
				CLANG_WARN_DEPRECATED_OBJC_IMPLEMENTATIONS = YES;
				CLANG_WARN_DIRECT_OBJC_ISA_USAGE = YES_ERROR;
				CLANG_WARN_DOCUMENTATION_COMMENTS = YES;
				CLANG_WARN_EMPTY_BODY = YES;
				CLANG_WARN_ENUM_CONVERSION = YES;
				CLANG_WARN_INFINITE_RECURSION = YES;
				CLANG_WARN_INT_CONVERSION = YES;
				CLANG_WARN_NON_LITERAL_NULL_CONVERSION = YES;
				CLANG_WARN_OBJC_IMPLICIT_RETAIN_SELF = YES;
				CLANG_WARN_OBJC_LITERAL_CONVERSION = YES;
				CLANG_WARN_OBJC_ROOT_CLASS = YES_ERROR;
				CLANG_WARN_RANGE_LOOP_ANALYSIS = YES;
				CLANG_WARN_STRICT_PROTOTYPES = YES;
				CLANG_WARN_SUSPICIOUS_MOVE = YES;
				CLANG_WARN_UNGUARDED_AVAILABILITY = YES_AGGRESSIVE;
				CLANG_WARN_UNREACHABLE_CODE = YES;
				CLANG_WARN__DUPLICATE_METHOD_MATCH = YES;
				COPY_PHASE_STRIP = NO;
				DEBUG_INFORMATION_FORMAT = "dwarf-with-dsym";
				ENABLE_NS_ASSERTIONS = NO;
				ENABLE_STRICT_OBJC_MSGSEND = YES;
				GCC_C_LANGUAGE_STANDARD = gnu11;
				GCC_NO_COMMON_BLOCKS = YES;
				GCC_WARN_64_TO_32_BIT_CONVERSION = YES;
				GCC_WARN_ABOUT_RETURN_TYPE = YES_ERROR;
				GCC_WARN_UNDECLARED_SELECTOR = YES;
				GCC_WARN_UNINITIALIZED_AUTOS = YES_AGGRESSIVE;
				GCC_WARN_UNUSED_FUNCTION = YES;
				GCC_WARN_UNUSED_VARIABLE = YES;
				IPHONEOS_DEPLOYMENT_TARGET = 13.2;
				MTL_ENABLE_DEBUG_INFO = NO;
				MTL_FAST_MATH = YES;
				SDKROOT = iphoneos;
				SWIFT_COMPILATION_MODE = wholemodule;
				SWIFT_OPTIMIZATION_LEVEL = "-O";
				VALIDATE_PRODUCT = YES;
			};
			name = Release;
		};
		79B12E6E2467DD6700BA3B7B /* Debug */ = {
			isa = XCBuildConfiguration;
			baseConfigurationReference = 150D680BEF98CB57CB4662E5 /* Pods-SpeechHandlerApp.debug.xcconfig */;
			buildSettings = {
				ASSETCATALOG_COMPILER_APPICON_NAME = AppIcon;
				CODE_SIGN_STYLE = Automatic;
				DEVELOPMENT_TEAM = 3T7H82P2KH;
				INFOPLIST_FILE = SpeechHandlerApp/Resources/Plists/Info.plist;
				LD_RUNPATH_SEARCH_PATHS = (
					"$(inherited)",
					"@executable_path/Frameworks",
				);
				PRODUCT_BUNDLE_IDENTIFIER = com.radchenko.SpeechHandlerApp;
				PRODUCT_NAME = "$(TARGET_NAME)";
				SWIFT_VERSION = 5.0;
				TARGETED_DEVICE_FAMILY = "1,2";
			};
			name = Debug;
		};
		79B12E6F2467DD6700BA3B7B /* Release */ = {
			isa = XCBuildConfiguration;
			baseConfigurationReference = 7B2D7AD6251AAF796CBB2A53 /* Pods-SpeechHandlerApp.release.xcconfig */;
			buildSettings = {
				ASSETCATALOG_COMPILER_APPICON_NAME = AppIcon;
				CODE_SIGN_STYLE = Automatic;
				DEVELOPMENT_TEAM = 3T7H82P2KH;
				INFOPLIST_FILE = SpeechHandlerApp/Resources/Plists/Info.plist;
				LD_RUNPATH_SEARCH_PATHS = (
					"$(inherited)",
					"@executable_path/Frameworks",
				);
				PRODUCT_BUNDLE_IDENTIFIER = com.radchenko.SpeechHandlerApp;
				PRODUCT_NAME = "$(TARGET_NAME)";
				SWIFT_VERSION = 5.0;
				TARGETED_DEVICE_FAMILY = "1,2";
			};
			name = Release;
		};
/* End XCBuildConfiguration section */

/* Begin XCConfigurationList section */
		79B12E542467DD6500BA3B7B /* Build configuration list for PBXProject "SpeechHandlerApp" */ = {
			isa = XCConfigurationList;
			buildConfigurations = (
				79B12E6B2467DD6700BA3B7B /* Debug */,
				79B12E6C2467DD6700BA3B7B /* Release */,
			);
			defaultConfigurationIsVisible = 0;
			defaultConfigurationName = Release;
		};
		79B12E6D2467DD6700BA3B7B /* Build configuration list for PBXNativeTarget "SpeechHandlerApp" */ = {
			isa = XCConfigurationList;
			buildConfigurations = (
				79B12E6E2467DD6700BA3B7B /* Debug */,
				79B12E6F2467DD6700BA3B7B /* Release */,
			);
			defaultConfigurationIsVisible = 0;
			defaultConfigurationName = Release;
		};
/* End XCConfigurationList section */
	};
	rootObject = 79B12E512467DD6500BA3B7B /* Project object */;
}
